// !$*UTF8*$!
{
	archiveVersion = 1;
	classes = {
	};
	objectVersion = 50;
	objects = {

/* Begin PBXBuildFile section */
		6956371024067BE1002BD1E0 /* HistoryViewController.swift in Sources */ = {isa = PBXBuildFile; fileRef = 6956370F24067BE1002BD1E0 /* HistoryViewController.swift */; };
		69847328240912CA003EDFF4 /* UserData.swift in Sources */ = {isa = PBXBuildFile; fileRef = 69847327240912CA003EDFF4 /* UserData.swift */; };
		69A5F8C2240247CC006518D7 /* AppDelegate.swift in Sources */ = {isa = PBXBuildFile; fileRef = 69A5F8C1240247CC006518D7 /* AppDelegate.swift */; };
		69A5F8C4240247CC006518D7 /* art.scnassets in Resources */ = {isa = PBXBuildFile; fileRef = 69A5F8C3240247CC006518D7 /* art.scnassets */; };
		69A5F8C6240247CC006518D7 /* ViewController.swift in Sources */ = {isa = PBXBuildFile; fileRef = 69A5F8C5240247CC006518D7 /* ViewController.swift */; };
		69A5F8CB240247CF006518D7 /* Assets.xcassets in Resources */ = {isa = PBXBuildFile; fileRef = 69A5F8CA240247CF006518D7 /* Assets.xcassets */; };
		69A5F8CE240247CF006518D7 /* LaunchScreen.storyboard in Resources */ = {isa = PBXBuildFile; fileRef = 69A5F8CC240247CF006518D7 /* LaunchScreen.storyboard */; };
		69A5F8D624024840006518D7 /* ScannerViewController.swift in Sources */ = {isa = PBXBuildFile; fileRef = 69A5F8D524024840006518D7 /* ScannerViewController.swift */; };
		69CEEC082403B01A00CAF28A /* Service.swift in Sources */ = {isa = PBXBuildFile; fileRef = 69CEEC072403B01A00CAF28A /* Service.swift */; };
		69CEEC0C2403EAEE00CAF28A /* UIView+Layout.swift in Sources */ = {isa = PBXBuildFile; fileRef = 69CEEC0B2403EAEE00CAF28A /* UIView+Layout.swift */; };
/* End PBXBuildFile section */

/* Begin PBXFileReference section */
		6956370F24067BE1002BD1E0 /* HistoryViewController.swift */ = {isa = PBXFileReference; lastKnownFileType = sourcecode.swift; path = HistoryViewController.swift; sourceTree = "<group>"; };
		69847327240912CA003EDFF4 /* UserData.swift */ = {isa = PBXFileReference; lastKnownFileType = sourcecode.swift; path = UserData.swift; sourceTree = "<group>"; };
		69A5F8BE240247CC006518D7 /* SourceDLT_App.app */ = {isa = PBXFileReference; explicitFileType = wrapper.application; includeInIndex = 0; path = SourceDLT_App.app; sourceTree = BUILT_PRODUCTS_DIR; };
		69A5F8C1240247CC006518D7 /* AppDelegate.swift */ = {isa = PBXFileReference; lastKnownFileType = sourcecode.swift; path = AppDelegate.swift; sourceTree = "<group>"; };
		69A5F8C3240247CC006518D7 /* art.scnassets */ = {isa = PBXFileReference; lastKnownFileType = wrapper.scnassets; path = art.scnassets; sourceTree = "<group>"; };
		69A5F8C5240247CC006518D7 /* ViewController.swift */ = {isa = PBXFileReference; lastKnownFileType = sourcecode.swift; path = ViewController.swift; sourceTree = "<group>"; };
		69A5F8CA240247CF006518D7 /* Assets.xcassets */ = {isa = PBXFileReference; lastKnownFileType = folder.assetcatalog; path = Assets.xcassets; sourceTree = "<group>"; };
		69A5F8CD240247CF006518D7 /* Base */ = {isa = PBXFileReference; lastKnownFileType = file.storyboard; name = Base; path = Base.lproj/LaunchScreen.storyboard; sourceTree = "<group>"; };
		69A5F8CF240247CF006518D7 /* Info.plist */ = {isa = PBXFileReference; lastKnownFileType = text.plist.xml; path = Info.plist; sourceTree = "<group>"; };
		69A5F8D524024840006518D7 /* ScannerViewController.swift */ = {isa = PBXFileReference; lastKnownFileType = sourcecode.swift; path = ScannerViewController.swift; sourceTree = "<group>"; };
		69CEEC072403B01A00CAF28A /* Service.swift */ = {isa = PBXFileReference; lastKnownFileType = sourcecode.swift; path = Service.swift; sourceTree = "<group>"; };
		69CEEC0B2403EAEE00CAF28A /* UIView+Layout.swift */ = {isa = PBXFileReference; fileEncoding = 4; lastKnownFileType = sourcecode.swift; path = "UIView+Layout.swift"; sourceTree = "<group>"; };
/* End PBXFileReference section */

/* Begin PBXFrameworksBuildPhase section */
		69A5F8BB240247CC006518D7 /* Frameworks */ = {
			isa = PBXFrameworksBuildPhase;
			buildActionMask = 2147483647;
			files = (
			);
			runOnlyForDeploymentPostprocessing = 0;
		};
/* End PBXFrameworksBuildPhase section */

/* Begin PBXGroup section */
		69A5F8B5240247CC006518D7 = {
			isa = PBXGroup;
			children = (
				69A5F8C0240247CC006518D7 /* SourceDLT_App */,
				69A5F8BF240247CC006518D7 /* Products */,
			);
			sourceTree = "<group>";
		};
		69A5F8BF240247CC006518D7 /* Products */ = {
			isa = PBXGroup;
			children = (
				69A5F8BE240247CC006518D7 /* SourceDLT_App.app */,
			);
			name = Products;
			sourceTree = "<group>";
		};
		69A5F8C0240247CC006518D7 /* SourceDLT_App */ = {
			isa = PBXGroup;
			children = (
				69A5F8C1240247CC006518D7 /* AppDelegate.swift */,
				69A5F8C3240247CC006518D7 /* art.scnassets */,
				69A5F8C5240247CC006518D7 /* ViewController.swift */,
				69847327240912CA003EDFF4 /* UserData.swift */,
				6956370F24067BE1002BD1E0 /* HistoryViewController.swift */,
				69A5F8D524024840006518D7 /* ScannerViewController.swift */,
				69A5F8CA240247CF006518D7 /* Assets.xcassets */,
				69A5F8CC240247CF006518D7 /* LaunchScreen.storyboard */,
				69A5F8CF240247CF006518D7 /* Info.plist */,
				69CEEC072403B01A00CAF28A /* Service.swift */,
				69CEEC0B2403EAEE00CAF28A /* UIView+Layout.swift */,
			);
			path = SourceDLT_App;
			sourceTree = "<group>";
		};
/* End PBXGroup section */

/* Begin PBXNativeTarget section */
		69A5F8BD240247CC006518D7 /* SourceDLT_App */ = {
			isa = PBXNativeTarget;
			buildConfigurationList = 69A5F8D2240247CF006518D7 /* Build configuration list for PBXNativeTarget "SourceDLT_App" */;
			buildPhases = (
				69A5F8BA240247CC006518D7 /* Sources */,
				69A5F8BB240247CC006518D7 /* Frameworks */,
				69A5F8BC240247CC006518D7 /* Resources */,
			);
			buildRules = (
			);
			dependencies = (
			);
			name = SourceDLT_App;
			productName = SourceDLT_App;
			productReference = 69A5F8BE240247CC006518D7 /* SourceDLT_App.app */;
			productType = "com.apple.product-type.application";
		};
/* End PBXNativeTarget section */

/* Begin PBXProject section */
		69A5F8B6240247CC006518D7 /* Project object */ = {
			isa = PBXProject;
			attributes = {
				LastSwiftUpdateCheck = 1130;
				LastUpgradeCheck = 1130;
				ORGANIZATIONNAME = gigmuster;
				TargetAttributes = {
					69A5F8BD240247CC006518D7 = {
						CreatedOnToolsVersion = 11.3.1;
					};
				};
			};
			buildConfigurationList = 69A5F8B9240247CC006518D7 /* Build configuration list for PBXProject "SourceDLT_App" */;
			compatibilityVersion = "Xcode 9.3";
			developmentRegion = en;
			hasScannedForEncodings = 0;
			knownRegions = (
				en,
				Base,
			);
			mainGroup = 69A5F8B5240247CC006518D7;
			productRefGroup = 69A5F8BF240247CC006518D7 /* Products */;
			projectDirPath = "";
			projectRoot = "";
			targets = (
				69A5F8BD240247CC006518D7 /* SourceDLT_App */,
			);
		};
/* End PBXProject section */

/* Begin PBXResourcesBuildPhase section */
		69A5F8BC240247CC006518D7 /* Resources */ = {
			isa = PBXResourcesBuildPhase;
			buildActionMask = 2147483647;
			files = (
				69A5F8C4240247CC006518D7 /* art.scnassets in Resources */,
				69A5F8CE240247CF006518D7 /* LaunchScreen.storyboard in Resources */,
				69A5F8CB240247CF006518D7 /* Assets.xcassets in Resources */,
			);
			runOnlyForDeploymentPostprocessing = 0;
		};
/* End PBXResourcesBuildPhase section */

/* Begin PBXSourcesBuildPhase section */
		69A5F8BA240247CC006518D7 /* Sources */ = {
			isa = PBXSourcesBuildPhase;
			buildActionMask = 2147483647;
			files = (
				69A5F8D624024840006518D7 /* ScannerViewController.swift in Sources */,
				69CEEC082403B01A00CAF28A /* Service.swift in Sources */,
				69A5F8C6240247CC006518D7 /* ViewController.swift in Sources */,
				6956371024067BE1002BD1E0 /* HistoryViewController.swift in Sources */,
				69847328240912CA003EDFF4 /* UserData.swift in Sources */,
				69A5F8C2240247CC006518D7 /* AppDelegate.swift in Sources */,
				69CEEC0C2403EAEE00CAF28A /* UIView+Layout.swift in Sources */,
			);
			runOnlyForDeploymentPostprocessing = 0;
		};
/* End PBXSourcesBuildPhase section */

/* Begin PBXVariantGroup section */
		69A5F8CC240247CF006518D7 /* LaunchScreen.storyboard */ = {
			isa = PBXVariantGroup;
			children = (
				69A5F8CD240247CF006518D7 /* Base */,
			);
			name = LaunchScreen.storyboard;
			sourceTree = "<group>";
		};
/* End PBXVariantGroup section */

/* Begin XCBuildConfiguration section */
		69A5F8D0240247CF006518D7 /* Debug */ = {
			isa = XCBuildConfiguration;
			buildSettings = {
				ALWAYS_SEARCH_USER_PATHS = NO;
				CLANG_ANALYZER_NONNULL = YES;
				CLANG_ANALYZER_NUMBER_OBJECT_CONVERSION = YES_AGGRESSIVE;
				CLANG_CXX_LANGUAGE_STANDARD = "gnu++14";
				CLANG_CXX_LIBRARY = "libc++";
				CLANG_ENABLE_MODULES = YES;
				CLANG_ENABLE_OBJC_ARC = YES;
				CLANG_ENABLE_OBJC_WEAK = YES;
				CLANG_WARN_BLOCK_CAPTURE_AUTORELEASING = YES;
				CLANG_WARN_BOOL_CONVERSION = YES;
				CLANG_WARN_COMMA = YES;
				CLANG_WARN_CONSTANT_CONVERSION = YES;
				CLANG_WARN_DEPRECATED_OBJC_IMPLEMENTATIONS = YES;
				CLANG_WARN_DIRECT_OBJC_ISA_USAGE = YES_ERROR;
				CLANG_WARN_DOCUMENTATION_COMMENTS = YES;
				CLANG_WARN_EMPTY_BODY = YES;
				CLANG_WARN_ENUM_CONVERSION = YES;
				CLANG_WARN_INFINITE_RECURSION = YES;
				CLANG_WARN_INT_CONVERSION = YES;
				CLANG_WARN_NON_LITERAL_NULL_CONVERSION = YES;
				CLANG_WARN_OBJC_IMPLICIT_RETAIN_SELF = YES;
				CLANG_WARN_OBJC_LITERAL_CONVERSION = YES;
				CLANG_WARN_OBJC_ROOT_CLASS = YES_ERROR;
				CLANG_WARN_RANGE_LOOP_ANALYSIS = YES;
				CLANG_WARN_STRICT_PROTOTYPES = YES;
				CLANG_WARN_SUSPICIOUS_MOVE = YES;
				CLANG_WARN_UNGUARDED_AVAILABILITY = YES_AGGRESSIVE;
				CLANG_WARN_UNREACHABLE_CODE = YES;
				CLANG_WARN__DUPLICATE_METHOD_MATCH = YES;
				COPY_PHASE_STRIP = NO;
				DEBUG_INFORMATION_FORMAT = dwarf;
				ENABLE_STRICT_OBJC_MSGSEND = YES;
				ENABLE_TESTABILITY = YES;
				GCC_C_LANGUAGE_STANDARD = gnu11;
				GCC_DYNAMIC_NO_PIC = NO;
				GCC_NO_COMMON_BLOCKS = YES;
				GCC_OPTIMIZATION_LEVEL = 0;
				GCC_PREPROCESSOR_DEFINITIONS = (
					"DEBUG=1",
					"$(inherited)",
				);
				GCC_WARN_64_TO_32_BIT_CONVERSION = YES;
				GCC_WARN_ABOUT_RETURN_TYPE = YES_ERROR;
				GCC_WARN_UNDECLARED_SELECTOR = YES;
				GCC_WARN_UNINITIALIZED_AUTOS = YES_AGGRESSIVE;
				GCC_WARN_UNUSED_FUNCTION = YES;
				GCC_WARN_UNUSED_VARIABLE = YES;
				IPHONEOS_DEPLOYMENT_TARGET = 13.2;
				MTL_ENABLE_DEBUG_INFO = INCLUDE_SOURCE;
				MTL_FAST_MATH = YES;
				ONLY_ACTIVE_ARCH = YES;
				SDKROOT = iphoneos;
				SWIFT_ACTIVE_COMPILATION_CONDITIONS = DEBUG;
				SWIFT_OPTIMIZATION_LEVEL = "-Onone";
			};
			name = Debug;
		};
		69A5F8D1240247CF006518D7 /* Release */ = {
			isa = XCBuildConfiguration;
			buildSettings = {
				ALWAYS_SEARCH_USER_PATHS = NO;
				CLANG_ANALYZER_NONNULL = YES;
				CLANG_ANALYZER_NUMBER_OBJECT_CONVERSION = YES_AGGRESSIVE;
				CLANG_CXX_LANGUAGE_STANDARD = "gnu++14";
				CLANG_CXX_LIBRARY = "libc++";
				CLANG_ENABLE_MODULES = YES;
				CLANG_ENABLE_OBJC_ARC = YES;
				CLANG_ENABLE_OBJC_WEAK = YES;
				CLANG_WARN_BLOCK_CAPTURE_AUTORELEASING = YES;
				CLANG_WARN_BOOL_CONVERSION = YES;
				CLANG_WARN_COMMA = YES;
				CLANG_WARN_CONSTANT_CONVERSION = YES;
				CLANG_WARN_DEPRECATED_OBJC_IMPLEMENTATIONS = YES;
				CLANG_WARN_DIRECT_OBJC_ISA_USAGE = YES_ERROR;
				CLANG_WARN_DOCUMENTATION_COMMENTS = YES;
				CLANG_WARN_EMPTY_BODY = YES;
				CLANG_WARN_ENUM_CONVERSION = YES;
				CLANG_WARN_INFINITE_RECURSION = YES;
				CLANG_WARN_INT_CONVERSION = YES;
				CLANG_WARN_NON_LITERAL_NULL_CONVERSION = YES;
				CLANG_WARN_OBJC_IMPLICIT_RETAIN_SELF = YES;
				CLANG_WARN_OBJC_LITERAL_CONVERSION = YES;
				CLANG_WARN_OBJC_ROOT_CLASS = YES_ERROR;
				CLANG_WARN_RANGE_LOOP_ANALYSIS = YES;
				CLANG_WARN_STRICT_PROTOTYPES = YES;
				CLANG_WARN_SUSPICIOUS_MOVE = YES;
				CLANG_WARN_UNGUARDED_AVAILABILITY = YES_AGGRESSIVE;
				CLANG_WARN_UNREACHABLE_CODE = YES;
				CLANG_WARN__DUPLICATE_METHOD_MATCH = YES;
				COPY_PHASE_STRIP = NO;
				DEBUG_INFORMATION_FORMAT = "dwarf-with-dsym";
				ENABLE_NS_ASSERTIONS = NO;
				ENABLE_STRICT_OBJC_MSGSEND = YES;
				GCC_C_LANGUAGE_STANDARD = gnu11;
				GCC_NO_COMMON_BLOCKS = YES;
				GCC_WARN_64_TO_32_BIT_CONVERSION = YES;
				GCC_WARN_ABOUT_RETURN_TYPE = YES_ERROR;
				GCC_WARN_UNDECLARED_SELECTOR = YES;
				GCC_WARN_UNINITIALIZED_AUTOS = YES_AGGRESSIVE;
				GCC_WARN_UNUSED_FUNCTION = YES;
				GCC_WARN_UNUSED_VARIABLE = YES;
				IPHONEOS_DEPLOYMENT_TARGET = 13.2;
				MTL_ENABLE_DEBUG_INFO = NO;
				MTL_FAST_MATH = YES;
				SDKROOT = iphoneos;
				SWIFT_COMPILATION_MODE = wholemodule;
				SWIFT_OPTIMIZATION_LEVEL = "-O";
				VALIDATE_PRODUCT = YES;
			};
			name = Release;
		};
		69A5F8D3240247CF006518D7 /* Debug */ = {
			isa = XCBuildConfiguration;
			buildSettings = {
				ASSETCATALOG_COMPILER_APPICON_NAME = AppIcon;
				CODE_SIGN_STYLE = Automatic;
				DEVELOPMENT_TEAM = K5T37M7ZUW;
				INFOPLIST_FILE = SourceDLT_App/Info.plist;
				LD_RUNPATH_SEARCH_PATHS = (
					"$(inherited)",
					"@executable_path/Frameworks",
				);
				PRODUCT_BUNDLE_IDENTIFIER = "com.gigmuster.SourceDLT-App";
				PRODUCT_NAME = "$(TARGET_NAME)";
				SWIFT_VERSION = 5.0;
				TARGETED_DEVICE_FAMILY = "1,2";
			};
			name = Debug;
		};
		69A5F8D4240247CF006518D7 /* Release */ = {
			isa = XCBuildConfiguration;
			buildSettings = {
				ASSETCATALOG_COMPILER_APPICON_NAME = AppIcon;
				CODE_SIGN_STYLE = Automatic;
				DEVELOPMENT_TEAM = K5T37M7ZUW;
				INFOPLIST_FILE = SourceDLT_App/Info.plist;
				LD_RUNPATH_SEARCH_PATHS = (
					"$(inherited)",
					"@executable_path/Frameworks",
				);
				PRODUCT_BUNDLE_IDENTIFIER = "com.gigmuster.SourceDLT-App";
				PRODUCT_NAME = "$(TARGET_NAME)";
				SWIFT_VERSION = 5.0;
				TARGETED_DEVICE_FAMILY = "1,2";
			};
			name = Release;
		};
/* End XCBuildConfiguration section */

/* Begin XCConfigurationList section */
		69A5F8B9240247CC006518D7 /* Build configuration list for PBXProject "SourceDLT_App" */ = {
			isa = XCConfigurationList;
			buildConfigurations = (
				69A5F8D0240247CF006518D7 /* Debug */,
				69A5F8D1240247CF006518D7 /* Release */,
			);
			defaultConfigurationIsVisible = 0;
			defaultConfigurationName = Release;
		};
		69A5F8D2240247CF006518D7 /* Build configuration list for PBXNativeTarget "SourceDLT_App" */ = {
			isa = XCConfigurationList;
			buildConfigurations = (
				69A5F8D3240247CF006518D7 /* Debug */,
				69A5F8D4240247CF006518D7 /* Release */,
			);
			defaultConfigurationIsVisible = 0;
			defaultConfigurationName = Release;
		};
/* End XCConfigurationList section */
	};
	rootObject = 69A5F8B6240247CC006518D7 /* Project object */;
}
